
Microsoft Visual Studio Solution File, Format Version 12.00
# Visual Studio Version 16
VisualStudioVersion = 16.0.33920.266
MinimumVisualStudioVersion = 10.0.40219.1
Project("{FAE04EC0-301F-11D3-BF4B-00C04F79EFBC}") = "Clasesiniciales", "Clasesiniciales\Clasesiniciales.csproj", "{18E75296-C80F-4794-A565-228E5FCB8F28}"
EndProject
Project("{FAE04EC0-301F-11D3-BF4B-00C04F79EFBC}") = "CarrerasAutos", "CarrerasAutos\CarrerasAutos.csproj", "{458D0274-46E7-4307-8AA3-E0D6ECAC7904}"
EndProject
Project("{FAE04EC0-301F-11D3-BF4B-00C04F79EFBC}") = "TareaMusica", "TareaMusica\TareaMusica.csproj", "{E57BC3EF-5FEB-4EF2-98BF-4F7FBFD84414}"
EndProject
Project("{FAE04EC0-301F-11D3-BF4B-00C04F79EFBC}") = "ArregloSemana", "ArregloSemana\ArregloSemana.csproj", "{95660041-622E-4F2D-950A-E88BD920CA7E}"
EndProject
Project("{FAE04EC0-301F-11D3-BF4B-00C04F79EFBC}") = "GeneradorNombres", "GeneradorNombres\GeneradorNombres.csproj", "{34D4B01E-FCF4-49B3-8BD4-1DCB8A250818}"
EndProject
Global
	GlobalSection(SolutionConfigurationPlatforms) = preSolution
		Debug|Any CPU = Debug|Any CPU
		Release|Any CPU = Release|Any CPU
	EndGlobalSection
	GlobalSection(ProjectConfigurationPlatforms) = postSolution
		{18E75296-C80F-4794-A565-228E5FCB8F28}.Debug|Any CPU.ActiveCfg = Debug|Any CPU
		{18E75296-C80F-4794-A565-228E5FCB8F28}.Debug|Any CPU.Build.0 = Debug|Any CPU
		{18E75296-C80F-4794-A565-228E5FCB8F28}.Release|Any CPU.ActiveCfg = Release|Any CPU
		{18E75296-C80F-4794-A565-228E5FCB8F28}.Release|Any CPU.Build.0 = Release|Any CPU
		{458D0274-46E7-4307-8AA3-E0D6ECAC7904}.Debug|Any CPU.ActiveCfg = Debug|Any CPU
		{458D0274-46E7-4307-8AA3-E0D6ECAC7904}.Debug|Any CPU.Build.0 = Debug|Any CPU
		{458D0274-46E7-4307-8AA3-E0D6ECAC7904}.Release|Any CPU.ActiveCfg = Release|Any CPU
		{458D0274-46E7-4307-8AA3-E0D6ECAC7904}.Release|Any CPU.Build.0 = Release|Any CPU
		{E57BC3EF-5FEB-4EF2-98BF-4F7FBFD84414}.Debug|Any CPU.ActiveCfg = Debug|Any CPU
		{E57BC3EF-5FEB-4EF2-98BF-4F7FBFD84414}.Debug|Any CPU.Build.0 = Debug|Any CPU
		{E57BC3EF-5FEB-4EF2-98BF-4F7FBFD84414}.Release|Any CPU.ActiveCfg = Release|Any CPU
		{E57BC3EF-5FEB-4EF2-98BF-4F7FBFD84414}.Release|Any CPU.Build.0 = Release|Any CPU
		{95660041-622E-4F2D-950A-E88BD920CA7E}.Debug|Any CPU.ActiveCfg = Debug|Any CPU
		{95660041-622E-4F2D-950A-E88BD920CA7E}.Debug|Any CPU.Build.0 = Debug|Any CPU
		{95660041-622E-4F2D-950A-E88BD920CA7E}.Release|Any CPU.ActiveCfg = Release|Any CPU
		{95660041-622E-4F2D-950A-E88BD920CA7E}.Release|Any CPU.Build.0 = Release|Any CPU
		{34D4B01E-FCF4-49B3-8BD4-1DCB8A250818}.Debug|Any CPU.ActiveCfg = Debug|Any CPU
		{34D4B01E-FCF4-49B3-8BD4-1DCB8A250818}.Debug|Any CPU.Build.0 = Debug|Any CPU
		{34D4B01E-FCF4-49B3-8BD4-1DCB8A250818}.Release|Any CPU.ActiveCfg = Release|Any CPU
		{34D4B01E-FCF4-49B3-8BD4-1DCB8A250818}.Release|Any CPU.Build.0 = Release|Any CPU
	EndGlobalSection
	GlobalSection(SolutionProperties) = preSolution
		HideSolutionNode = FALSE
	EndGlobalSection
	GlobalSection(ExtensibilityGlobals) = postSolution
		SolutionGuid = {3834B12A-92A5-4505-BB79-1C031108C74F}
	EndGlobalSection
EndGlobal
