
Microsoft Visual Studio Solution File, Format Version 12.00
# Visual Studio Version 16
VisualStudioVersion = 16.0.33920.266
MinimumVisualStudioVersion = 10.0.40219.1
Project("{FAE04EC0-301F-11D3-BF4B-00C04F79EFBC}") = "Clasesiniciales", "Clasesiniciales\Clasesiniciales.csproj", "{18E75296-C80F-4794-A565-228E5FCB8F28}"
EndProject
Project("{FAE04EC0-301F-11D3-BF4B-00C04F79EFBC}") = "CarrerasAutos", "CarrerasAutos\CarrerasAutos.csproj", "{458D0274-46E7-4307-8AA3-E0D6ECAC7904}"
EndProject
Global
	GlobalSection(SolutionConfigurationPlatforms) = preSolution
		Debug|Any CPU = Debug|Any CPU
		Release|Any CPU = Release|Any CPU
	EndGlobalSection
	GlobalSection(ProjectConfigurationPlatforms) = postSolution
		{18E75296-C80F-4794-A565-228E5FCB8F28}.Debug|Any CPU.ActiveCfg = Debug|Any CPU
		{18E75296-C80F-4794-A565-228E5FCB8F28}.Debug|Any CPU.Build.0 = Debug|Any CPU
		{18E75296-C80F-4794-A565-228E5FCB8F28}.Release|Any CPU.ActiveCfg = Release|Any CPU
		{18E75296-C80F-4794-A565-228E5FCB8F28}.Release|Any CPU.Build.0 = Release|Any CPU
		{458D0274-46E7-4307-8AA3-E0D6ECAC7904}.Debug|Any CPU.ActiveCfg = Debug|Any CPU
		{458D0274-46E7-4307-8AA3-E0D6ECAC7904}.Debug|Any CPU.Build.0 = Debug|Any CPU
		{458D0274-46E7-4307-8AA3-E0D6ECAC7904}.Release|Any CPU.ActiveCfg = Release|Any CPU
		{458D0274-46E7-4307-8AA3-E0D6ECAC7904}.Release|Any CPU.Build.0 = Release|Any CPU
	EndGlobalSection
	GlobalSection(SolutionProperties) = preSolution
		HideSolutionNode = FALSE
	EndGlobalSection
	GlobalSection(ExtensibilityGlobals) = postSolution
		SolutionGuid = {3834B12A-92A5-4505-BB79-1C031108C74F}
	EndGlobalSection
EndGlobal
